
Microsoft Visual Studio Solution File, Format Version 12.00
# Visual Studio Version 17
VisualStudioVersion = 17.1.32421.90
MinimumVisualStudioVersion = 10.0.40219.1
Project("{FAE04EC0-301F-11D3-BF4B-00C04F79EFBC}") = "DLLFile", "DLLFile.csproj", "{C6972A42-AB2F-461E-8873-554A1FE2F16F}"
EndProject
Global
	GlobalSection(SolutionConfigurationPlatforms) = preSolution
		Debug|Any CPU = Debug|Any CPU
		Release|Any CPU = Release|Any CPU
	EndGlobalSection
	GlobalSection(ProjectConfigurationPlatforms) = postSolution
		{C6972A42-AB2F-461E-8873-554A1FE2F16F}.Debug|Any CPU.ActiveCfg = Debug|Any CPU
		{C6972A42-AB2F-461E-8873-554A1FE2F16F}.Debug|Any CPU.Build.0 = Debug|Any CPU
		{C6972A42-AB2F-461E-8873-554A1FE2F16F}.Release|Any CPU.ActiveCfg = Release|Any CPU
		{C6972A42-AB2F-461E-8873-554A1FE2F16F}.Release|Any CPU.Build.0 = Release|Any CPU
	EndGlobalSection
	GlobalSection(SolutionProperties) = preSolution
		HideSolutionNode = FALSE
	EndGlobalSection
	GlobalSection(ExtensibilityGlobals) = postSolution
		SolutionGuid = {D4B02313-4FC1-474E-B4BE-C6909DCB47CD}
	EndGlobalSection
EndGlobal
